// !$*UTF8*$!
{
	archiveVersion = 1;
	classes = {
	};
	objectVersion = 55;
	objects = {

/* Begin PBXBuildFile section */
		BD21793A2891786F0013C58B /* AppDelegate.swift in Sources */ = {isa = PBXBuildFile; fileRef = BD2179392891786F0013C58B /* AppDelegate.swift */; };
		BD21793C2891786F0013C58B /* SceneDelegate.swift in Sources */ = {isa = PBXBuildFile; fileRef = BD21793B2891786F0013C58B /* SceneDelegate.swift */; };
		BD21793E2891786F0013C58B /* ViewController.swift in Sources */ = {isa = PBXBuildFile; fileRef = BD21793D2891786F0013C58B /* ViewController.swift */; };
		BD2179412891786F0013C58B /* Main.storyboard in Resources */ = {isa = PBXBuildFile; fileRef = BD21793F2891786F0013C58B /* Main.storyboard */; };
		BD2179442891786F0013C58B /* introToStoryboard.xcdatamodeld in Sources */ = {isa = PBXBuildFile; fileRef = BD2179422891786F0013C58B /* introToStoryboard.xcdatamodeld */; };
		BD217946289178710013C58B /* Assets.xcassets in Resources */ = {isa = PBXBuildFile; fileRef = BD217945289178710013C58B /* Assets.xcassets */; };
		BD217949289178710013C58B /* LaunchScreen.storyboard in Resources */ = {isa = PBXBuildFile; fileRef = BD217947289178710013C58B /* LaunchScreen.storyboard */; };
		BD21795E289178720013C58B /* introToStoryboardUITests.swift in Sources */ = {isa = PBXBuildFile; fileRef = BD21795D289178720013C58B /* introToStoryboardUITests.swift */; };
		BD217960289178720013C58B /* introToStoryboardUITestsLaunchTests.swift in Sources */ = {isa = PBXBuildFile; fileRef = BD21795F289178720013C58B /* introToStoryboardUITestsLaunchTests.swift */; };
/* End PBXBuildFile section */

/* Begin PBXContainerItemProxy section */
		BD217950289178720013C58B /* PBXContainerItemProxy */ = {
			isa = PBXContainerItemProxy;
			containerPortal = BD21792E2891786E0013C58B /* Project object */;
			proxyType = 1;
			remoteGlobalIDString = BD2179352891786F0013C58B;
			remoteInfo = introToStoryboard;
		};
		BD21795A289178720013C58B /* PBXContainerItemProxy */ = {
			isa = PBXContainerItemProxy;
			containerPortal = BD21792E2891786E0013C58B /* Project object */;
			proxyType = 1;
			remoteGlobalIDString = BD2179352891786F0013C58B;
			remoteInfo = introToStoryboard;
		};
/* End PBXContainerItemProxy section */

/* Begin PBXFileReference section */
		BD2179362891786F0013C58B /* introToStoryboard.app */ = {isa = PBXFileReference; explicitFileType = wrapper.application; includeInIndex = 0; path = introToStoryboard.app; sourceTree = BUILT_PRODUCTS_DIR; };
		BD2179392891786F0013C58B /* AppDelegate.swift */ = {isa = PBXFileReference; lastKnownFileType = sourcecode.swift; path = AppDelegate.swift; sourceTree = "<group>"; };
		BD21793B2891786F0013C58B /* SceneDelegate.swift */ = {isa = PBXFileReference; lastKnownFileType = sourcecode.swift; path = SceneDelegate.swift; sourceTree = "<group>"; };
		BD21793D2891786F0013C58B /* ViewController.swift */ = {isa = PBXFileReference; lastKnownFileType = sourcecode.swift; path = ViewController.swift; sourceTree = "<group>"; };
		BD2179402891786F0013C58B /* Base */ = {isa = PBXFileReference; lastKnownFileType = file.storyboard; name = Base; path = Base.lproj/Main.storyboard; sourceTree = "<group>"; };
		BD2179432891786F0013C58B /* introToStoryboard.xcdatamodel */ = {isa = PBXFileReference; lastKnownFileType = wrapper.xcdatamodel; path = introToStoryboard.xcdatamodel; sourceTree = "<group>"; };
		BD217945289178710013C58B /* Assets.xcassets */ = {isa = PBXFileReference; lastKnownFileType = folder.assetcatalog; path = Assets.xcassets; sourceTree = "<group>"; };
		BD217948289178710013C58B /* Base */ = {isa = PBXFileReference; lastKnownFileType = file.storyboard; name = Base; path = Base.lproj/LaunchScreen.storyboard; sourceTree = "<group>"; };
		BD21794A289178710013C58B /* Info.plist */ = {isa = PBXFileReference; lastKnownFileType = text.plist.xml; path = Info.plist; sourceTree = "<group>"; };
		BD21794F289178720013C58B /* introToStoryboardTests.xctest */ = {isa = PBXFileReference; explicitFileType = wrapper.cfbundle; includeInIndex = 0; path = introToStoryboardTests.xctest; sourceTree = BUILT_PRODUCTS_DIR; };
		BD217959289178720013C58B /* introToStoryboardUITests.xctest */ = {isa = PBXFileReference; explicitFileType = wrapper.cfbundle; includeInIndex = 0; path = introToStoryboardUITests.xctest; sourceTree = BUILT_PRODUCTS_DIR; };
		BD21795D289178720013C58B /* introToStoryboardUITests.swift */ = {isa = PBXFileReference; lastKnownFileType = sourcecode.swift; path = introToStoryboardUITests.swift; sourceTree = "<group>"; };
		BD21795F289178720013C58B /* introToStoryboardUITestsLaunchTests.swift */ = {isa = PBXFileReference; lastKnownFileType = sourcecode.swift; path = introToStoryboardUITestsLaunchTests.swift; sourceTree = "<group>"; };
/* End PBXFileReference section */

/* Begin PBXFrameworksBuildPhase section */
		BD2179332891786F0013C58B /* Frameworks */ = {
			isa = PBXFrameworksBuildPhase;
			buildActionMask = 2147483647;
			files = (
			);
			runOnlyForDeploymentPostprocessing = 0;
		};
		BD21794C289178720013C58B /* Frameworks */ = {
			isa = PBXFrameworksBuildPhase;
			buildActionMask = 2147483647;
			files = (
			);
			runOnlyForDeploymentPostprocessing = 0;
		};
		BD217956289178720013C58B /* Frameworks */ = {
			isa = PBXFrameworksBuildPhase;
			buildActionMask = 2147483647;
			files = (
			);
			runOnlyForDeploymentPostprocessing = 0;
		};
/* End PBXFrameworksBuildPhase section */

/* Begin PBXGroup section */
		BD21792D2891786E0013C58B = {
			isa = PBXGroup;
			children = (
				BD2179382891786F0013C58B /* introToStoryboard */,
				BD217952289178720013C58B /* introToStoryboardTests */,
				BD21795C289178720013C58B /* introToStoryboardUITests */,
				BD2179372891786F0013C58B /* Products */,
			);
			sourceTree = "<group>";
		};
		BD2179372891786F0013C58B /* Products */ = {
			isa = PBXGroup;
			children = (
				BD2179362891786F0013C58B /* introToStoryboard.app */,
				BD21794F289178720013C58B /* introToStoryboardTests.xctest */,
				BD217959289178720013C58B /* introToStoryboardUITests.xctest */,
			);
			name = Products;
			sourceTree = "<group>";
		};
		BD2179382891786F0013C58B /* introToStoryboard */ = {
			isa = PBXGroup;
			children = (
				BD2179392891786F0013C58B /* AppDelegate.swift */,
				BD21793B2891786F0013C58B /* SceneDelegate.swift */,
				BD21793D2891786F0013C58B /* ViewController.swift */,
				BD21793F2891786F0013C58B /* Main.storyboard */,
				BD217945289178710013C58B /* Assets.xcassets */,
				BD217947289178710013C58B /* LaunchScreen.storyboard */,
				BD21794A289178710013C58B /* Info.plist */,
				BD2179422891786F0013C58B /* introToStoryboard.xcdatamodeld */,
			);
			path = introToStoryboard;
			sourceTree = "<group>";
		};
		BD217952289178720013C58B /* introToStoryboardTests */ = {
			isa = PBXGroup;
			children = (
			);
			path = introToStoryboardTests;
			sourceTree = "<group>";
		};
		BD21795C289178720013C58B /* introToStoryboardUITests */ = {
			isa = PBXGroup;
			children = (
				BD21795D289178720013C58B /* introToStoryboardUITests.swift */,
				BD21795F289178720013C58B /* introToStoryboardUITestsLaunchTests.swift */,
			);
			path = introToStoryboardUITests;
			sourceTree = "<group>";
		};
/* End PBXGroup section */

/* Begin PBXNativeTarget section */
		BD2179352891786F0013C58B /* introToStoryboard */ = {
			isa = PBXNativeTarget;
			buildConfigurationList = BD217963289178720013C58B /* Build configuration list for PBXNativeTarget "introToStoryboard" */;
			buildPhases = (
				BD2179322891786F0013C58B /* Sources */,
				BD2179332891786F0013C58B /* Frameworks */,
				BD2179342891786F0013C58B /* Resources */,
			);
			buildRules = (
			);
			dependencies = (
			);
			name = introToStoryboard;
			productName = introToStoryboard;
			productReference = BD2179362891786F0013C58B /* introToStoryboard.app */;
			productType = "com.apple.product-type.application";
		};
		BD21794E289178720013C58B /* introToStoryboardTests */ = {
			isa = PBXNativeTarget;
			buildConfigurationList = BD217966289178720013C58B /* Build configuration list for PBXNativeTarget "introToStoryboardTests" */;
			buildPhases = (
				BD21794B289178720013C58B /* Sources */,
				BD21794C289178720013C58B /* Frameworks */,
				BD21794D289178720013C58B /* Resources */,
			);
			buildRules = (
			);
			dependencies = (
				BD217951289178720013C58B /* PBXTargetDependency */,
			);
			name = introToStoryboardTests;
			productName = introToStoryboardTests;
			productReference = BD21794F289178720013C58B /* introToStoryboardTests.xctest */;
			productType = "com.apple.product-type.bundle.unit-test";
		};
		BD217958289178720013C58B /* introToStoryboardUITests */ = {
			isa = PBXNativeTarget;
			buildConfigurationList = BD217969289178720013C58B /* Build configuration list for PBXNativeTarget "introToStoryboardUITests" */;
			buildPhases = (
				BD217955289178720013C58B /* Sources */,
				BD217956289178720013C58B /* Frameworks */,
				BD217957289178720013C58B /* Resources */,
			);
			buildRules = (
			);
			dependencies = (
				BD21795B289178720013C58B /* PBXTargetDependency */,
			);
			name = introToStoryboardUITests;
			productName = introToStoryboardUITests;
			productReference = BD217959289178720013C58B /* introToStoryboardUITests.xctest */;
			productType = "com.apple.product-type.bundle.ui-testing";
		};
/* End PBXNativeTarget section */

/* Begin PBXProject section */
		BD21792E2891786E0013C58B /* Project object */ = {
			isa = PBXProject;
			attributes = {
				BuildIndependentTargetsInParallel = 1;
				LastSwiftUpdateCheck = 1340;
				LastUpgradeCheck = 1340;
				TargetAttributes = {
					BD2179352891786F0013C58B = {
						CreatedOnToolsVersion = 13.4.1;
					};
					BD21794E289178720013C58B = {
						CreatedOnToolsVersion = 13.4.1;
						TestTargetID = BD2179352891786F0013C58B;
					};
					BD217958289178720013C58B = {
						CreatedOnToolsVersion = 13.4.1;
						TestTargetID = BD2179352891786F0013C58B;
					};
				};
			};
			buildConfigurationList = BD2179312891786E0013C58B /* Build configuration list for PBXProject "introToStoryboard" */;
			compatibilityVersion = "Xcode 13.0";
			developmentRegion = en;
			hasScannedForEncodings = 0;
			knownRegions = (
				en,
				Base,
			);
			mainGroup = BD21792D2891786E0013C58B;
			productRefGroup = BD2179372891786F0013C58B /* Products */;
			projectDirPath = "";
			projectRoot = "";
			targets = (
				BD2179352891786F0013C58B /* introToStoryboard */,
				BD21794E289178720013C58B /* introToStoryboardTests */,
				BD217958289178720013C58B /* introToStoryboardUITests */,
			);
		};
/* End PBXProject section */

/* Begin PBXResourcesBuildPhase section */
		BD2179342891786F0013C58B /* Resources */ = {
			isa = PBXResourcesBuildPhase;
			buildActionMask = 2147483647;
			files = (
				BD217949289178710013C58B /* LaunchScreen.storyboard in Resources */,
				BD217946289178710013C58B /* Assets.xcassets in Resources */,
				BD2179412891786F0013C58B /* Main.storyboard in Resources */,
			);
			runOnlyForDeploymentPostprocessing = 0;
		};
		BD21794D289178720013C58B /* Resources */ = {
			isa = PBXResourcesBuildPhase;
			buildActionMask = 2147483647;
			files = (
			);
			runOnlyForDeploymentPostprocessing = 0;
		};
		BD217957289178720013C58B /* Resources */ = {
			isa = PBXResourcesBuildPhase;
			buildActionMask = 2147483647;
			files = (
			);
			runOnlyForDeploymentPostprocessing = 0;
		};
/* End PBXResourcesBuildPhase section */

/* Begin PBXSourcesBuildPhase section */
		BD2179322891786F0013C58B /* Sources */ = {
			isa = PBXSourcesBuildPhase;
			buildActionMask = 2147483647;
			files = (
				BD21793E2891786F0013C58B /* ViewController.swift in Sources */,
				BD21793A2891786F0013C58B /* AppDelegate.swift in Sources */,
				BD2179442891786F0013C58B /* introToStoryboard.xcdatamodeld in Sources */,
				BD21793C2891786F0013C58B /* SceneDelegate.swift in Sources */,
			);
			runOnlyForDeploymentPostprocessing = 0;
		};
		BD21794B289178720013C58B /* Sources */ = {
			isa = PBXSourcesBuildPhase;
			buildActionMask = 2147483647;
			files = (
			);
			runOnlyForDeploymentPostprocessing = 0;
		};
		BD217955289178720013C58B /* Sources */ = {
			isa = PBXSourcesBuildPhase;
			buildActionMask = 2147483647;
			files = (
				BD21795E289178720013C58B /* introToStoryboardUITests.swift in Sources */,
				BD217960289178720013C58B /* introToStoryboardUITestsLaunchTests.swift in Sources */,
			);
			runOnlyForDeploymentPostprocessing = 0;
		};
/* End PBXSourcesBuildPhase section */

/* Begin PBXTargetDependency section */
		BD217951289178720013C58B /* PBXTargetDependency */ = {
			isa = PBXTargetDependency;
			target = BD2179352891786F0013C58B /* introToStoryboard */;
			targetProxy = BD217950289178720013C58B /* PBXContainerItemProxy */;
		};
		BD21795B289178720013C58B /* PBXTargetDependency */ = {
			isa = PBXTargetDependency;
			target = BD2179352891786F0013C58B /* introToStoryboard */;
			targetProxy = BD21795A289178720013C58B /* PBXContainerItemProxy */;
		};
/* End PBXTargetDependency section */

/* Begin PBXVariantGroup section */
		BD21793F2891786F0013C58B /* Main.storyboard */ = {
			isa = PBXVariantGroup;
			children = (
				BD2179402891786F0013C58B /* Base */,
			);
			name = Main.storyboard;
			sourceTree = "<group>";
		};
		BD217947289178710013C58B /* LaunchScreen.storyboard */ = {
			isa = PBXVariantGroup;
			children = (
				BD217948289178710013C58B /* Base */,
			);
			name = LaunchScreen.storyboard;
			sourceTree = "<group>";
		};
/* End PBXVariantGroup section */

/* Begin XCBuildConfiguration section */
		BD217961289178720013C58B /* Debug */ = {
			isa = XCBuildConfiguration;
			buildSettings = {
				ALWAYS_SEARCH_USER_PATHS = NO;
				CLANG_ANALYZER_NONNULL = YES;
				CLANG_ANALYZER_NUMBER_OBJECT_CONVERSION = YES_AGGRESSIVE;
				CLANG_CXX_LANGUAGE_STANDARD = "gnu++17";
				CLANG_ENABLE_MODULES = YES;
				CLANG_ENABLE_OBJC_ARC = YES;
				CLANG_ENABLE_OBJC_WEAK = YES;
				CLANG_WARN_BLOCK_CAPTURE_AUTORELEASING = YES;
				CLANG_WARN_BOOL_CONVERSION = YES;
				CLANG_WARN_COMMA = YES;
				CLANG_WARN_CONSTANT_CONVERSION = YES;
				CLANG_WARN_DEPRECATED_OBJC_IMPLEMENTATIONS = YES;
				CLANG_WARN_DIRECT_OBJC_ISA_USAGE = YES_ERROR;
				CLANG_WARN_DOCUMENTATION_COMMENTS = YES;
				CLANG_WARN_EMPTY_BODY = YES;
				CLANG_WARN_ENUM_CONVERSION = YES;
				CLANG_WARN_INFINITE_RECURSION = YES;
				CLANG_WARN_INT_CONVERSION = YES;
				CLANG_WARN_NON_LITERAL_NULL_CONVERSION = YES;
				CLANG_WARN_OBJC_IMPLICIT_RETAIN_SELF = YES;
				CLANG_WARN_OBJC_LITERAL_CONVERSION = YES;
				CLANG_WARN_OBJC_ROOT_CLASS = YES_ERROR;
				CLANG_WARN_QUOTED_INCLUDE_IN_FRAMEWORK_HEADER = YES;
				CLANG_WARN_RANGE_LOOP_ANALYSIS = YES;
				CLANG_WARN_STRICT_PROTOTYPES = YES;
				CLANG_WARN_SUSPICIOUS_MOVE = YES;
				CLANG_WARN_UNGUARDED_AVAILABILITY = YES_AGGRESSIVE;
				CLANG_WARN_UNREACHABLE_CODE = YES;
				CLANG_WARN__DUPLICATE_METHOD_MATCH = YES;
				COPY_PHASE_STRIP = NO;
				DEBUG_INFORMATION_FORMAT = dwarf;
				ENABLE_STRICT_OBJC_MSGSEND = YES;
				ENABLE_TESTABILITY = YES;
				GCC_C_LANGUAGE_STANDARD = gnu11;
				GCC_DYNAMIC_NO_PIC = NO;
				GCC_NO_COMMON_BLOCKS = YES;
				GCC_OPTIMIZATION_LEVEL = 0;
				GCC_PREPROCESSOR_DEFINITIONS = (
					"DEBUG=1",
					"$(inherited)",
				);
				GCC_WARN_64_TO_32_BIT_CONVERSION = YES;
				GCC_WARN_ABOUT_RETURN_TYPE = YES_ERROR;
				GCC_WARN_UNDECLARED_SELECTOR = YES;
				GCC_WARN_UNINITIALIZED_AUTOS = YES_AGGRESSIVE;
				GCC_WARN_UNUSED_FUNCTION = YES;
				GCC_WARN_UNUSED_VARIABLE = YES;
				IPHONEOS_DEPLOYMENT_TARGET = 15.5;
				MTL_ENABLE_DEBUG_INFO = INCLUDE_SOURCE;
				MTL_FAST_MATH = YES;
				ONLY_ACTIVE_ARCH = YES;
				SDKROOT = iphoneos;
				SWIFT_ACTIVE_COMPILATION_CONDITIONS = DEBUG;
				SWIFT_OPTIMIZATION_LEVEL = "-Onone";
			};
			name = Debug;
		};
		BD217962289178720013C58B /* Release */ = {
			isa = XCBuildConfiguration;
			buildSettings = {
				ALWAYS_SEARCH_USER_PATHS = NO;
				CLANG_ANALYZER_NONNULL = YES;
				CLANG_ANALYZER_NUMBER_OBJECT_CONVERSION = YES_AGGRESSIVE;
				CLANG_CXX_LANGUAGE_STANDARD = "gnu++17";
				CLANG_ENABLE_MODULES = YES;
				CLANG_ENABLE_OBJC_ARC = YES;
				CLANG_ENABLE_OBJC_WEAK = YES;
				CLANG_WARN_BLOCK_CAPTURE_AUTORELEASING = YES;
				CLANG_WARN_BOOL_CONVERSION = YES;
				CLANG_WARN_COMMA = YES;
				CLANG_WARN_CONSTANT_CONVERSION = YES;
				CLANG_WARN_DEPRECATED_OBJC_IMPLEMENTATIONS = YES;
				CLANG_WARN_DIRECT_OBJC_ISA_USAGE = YES_ERROR;
				CLANG_WARN_DOCUMENTATION_COMMENTS = YES;
				CLANG_WARN_EMPTY_BODY = YES;
				CLANG_WARN_ENUM_CONVERSION = YES;
				CLANG_WARN_INFINITE_RECURSION = YES;
				CLANG_WARN_INT_CONVERSION = YES;
				CLANG_WARN_NON_LITERAL_NULL_CONVERSION = YES;
				CLANG_WARN_OBJC_IMPLICIT_RETAIN_SELF = YES;
				CLANG_WARN_OBJC_LITERAL_CONVERSION = YES;
				CLANG_WARN_OBJC_ROOT_CLASS = YES_ERROR;
				CLANG_WARN_QUOTED_INCLUDE_IN_FRAMEWORK_HEADER = YES;
				CLANG_WARN_RANGE_LOOP_ANALYSIS = YES;
				CLANG_WARN_STRICT_PROTOTYPES = YES;
				CLANG_WARN_SUSPICIOUS_MOVE = YES;
				CLANG_WARN_UNGUARDED_AVAILABILITY = YES_AGGRESSIVE;
				CLANG_WARN_UNREACHABLE_CODE = YES;
				CLANG_WARN__DUPLICATE_METHOD_MATCH = YES;
				COPY_PHASE_STRIP = NO;
				DEBUG_INFORMATION_FORMAT = "dwarf-with-dsym";
				ENABLE_NS_ASSERTIONS = NO;
				ENABLE_STRICT_OBJC_MSGSEND = YES;
				GCC_C_LANGUAGE_STANDARD = gnu11;
				GCC_NO_COMMON_BLOCKS = YES;
				GCC_WARN_64_TO_32_BIT_CONVERSION = YES;
				GCC_WARN_ABOUT_RETURN_TYPE = YES_ERROR;
				GCC_WARN_UNDECLARED_SELECTOR = YES;
				GCC_WARN_UNINITIALIZED_AUTOS = YES_AGGRESSIVE;
				GCC_WARN_UNUSED_FUNCTION = YES;
				GCC_WARN_UNUSED_VARIABLE = YES;
				IPHONEOS_DEPLOYMENT_TARGET = 15.5;
				MTL_ENABLE_DEBUG_INFO = NO;
				MTL_FAST_MATH = YES;
				SDKROOT = iphoneos;
				SWIFT_COMPILATION_MODE = wholemodule;
				SWIFT_OPTIMIZATION_LEVEL = "-O";
				VALIDATE_PRODUCT = YES;
			};
			name = Release;
		};
		BD217964289178720013C58B /* Debug */ = {
			isa = XCBuildConfiguration;
			buildSettings = {
				ASSETCATALOG_COMPILER_APPICON_NAME = AppIcon;
				ASSETCATALOG_COMPILER_GLOBAL_ACCENT_COLOR_NAME = AccentColor;
				CODE_SIGN_STYLE = Automatic;
				CURRENT_PROJECT_VERSION = 1;
				GENERATE_INFOPLIST_FILE = YES;
				INFOPLIST_FILE = introToStoryboard/Info.plist;
				INFOPLIST_KEY_UIApplicationSupportsIndirectInputEvents = YES;
				INFOPLIST_KEY_UILaunchStoryboardName = LaunchScreen;
				INFOPLIST_KEY_UIMainStoryboardFile = Main;
				INFOPLIST_KEY_UISupportedInterfaceOrientations_iPad = "UIInterfaceOrientationPortrait UIInterfaceOrientationPortraitUpsideDown UIInterfaceOrientationLandscapeLeft UIInterfaceOrientationLandscapeRight";
				INFOPLIST_KEY_UISupportedInterfaceOrientations_iPhone = "UIInterfaceOrientationPortrait UIInterfaceOrientationLandscapeLeft UIInterfaceOrientationLandscapeRight";
				LD_RUNPATH_SEARCH_PATHS = (
					"$(inherited)",
					"@executable_path/Frameworks",
				);
				MARKETING_VERSION = 1.0;
				PRODUCT_BUNDLE_IDENTIFIER = KWK.introToStoryboard;
				PRODUCT_NAME = "$(TARGET_NAME)";
				SWIFT_EMIT_LOC_STRINGS = YES;
				SWIFT_VERSION = 5.0;
				TARGETED_DEVICE_FAMILY = "1,2";
			};
			name = Debug;
		};
		BD217965289178720013C58B /* Release */ = {
			isa = XCBuildConfiguration;
			buildSettings = {
				ASSETCATALOG_COMPILER_APPICON_NAME = AppIcon;
				ASSETCATALOG_COMPILER_GLOBAL_ACCENT_COLOR_NAME = AccentColor;
				CODE_SIGN_STYLE = Automatic;
				CURRENT_PROJECT_VERSION = 1;
				GENERATE_INFOPLIST_FILE = YES;
				INFOPLIST_FILE = introToStoryboard/Info.plist;
				INFOPLIST_KEY_UIApplicationSupportsIndirectInputEvents = YES;
				INFOPLIST_KEY_UILaunchStoryboardName = LaunchScreen;
				INFOPLIST_KEY_UIMainStoryboardFile = Main;
				INFOPLIST_KEY_UISupportedInterfaceOrientations_iPad = "UIInterfaceOrientationPortrait UIInterfaceOrientationPortraitUpsideDown UIInterfaceOrientationLandscapeLeft UIInterfaceOrientationLandscapeRight";
				INFOPLIST_KEY_UISupportedInterfaceOrientations_iPhone = "UIInterfaceOrientationPortrait UIInterfaceOrientationLandscapeLeft UIInterfaceOrientationLandscapeRight";
				LD_RUNPATH_SEARCH_PATHS = (
					"$(inherited)",
					"@executable_path/Frameworks",
				);
				MARKETING_VERSION = 1.0;
				PRODUCT_BUNDLE_IDENTIFIER = KWK.introToStoryboard;
				PRODUCT_NAME = "$(TARGET_NAME)";
				SWIFT_EMIT_LOC_STRINGS = YES;
				SWIFT_VERSION = 5.0;
				TARGETED_DEVICE_FAMILY = "1,2";
			};
			name = Release;
		};
		BD217967289178720013C58B /* Debug */ = {
			isa = XCBuildConfiguration;
			buildSettings = {
				ALWAYS_EMBED_SWIFT_STANDARD_LIBRARIES = YES;
				BUNDLE_LOADER = "$(TEST_HOST)";
				CODE_SIGN_STYLE = Automatic;
				CURRENT_PROJECT_VERSION = 1;
				GENERATE_INFOPLIST_FILE = YES;
				IPHONEOS_DEPLOYMENT_TARGET = 15.5;
				MARKETING_VERSION = 1.0;
				PRODUCT_BUNDLE_IDENTIFIER = KWK.introToStoryboardTests;
				PRODUCT_NAME = "$(TARGET_NAME)";
				SWIFT_EMIT_LOC_STRINGS = NO;
				SWIFT_VERSION = 5.0;
				TARGETED_DEVICE_FAMILY = "1,2";
				TEST_HOST = "$(BUILT_PRODUCTS_DIR)/introToStoryboard.app/introToStoryboard";
			};
			name = Debug;
		};
		BD217968289178720013C58B /* Release */ = {
			isa = XCBuildConfiguration;
			buildSettings = {
				ALWAYS_EMBED_SWIFT_STANDARD_LIBRARIES = YES;
				BUNDLE_LOADER = "$(TEST_HOST)";
				CODE_SIGN_STYLE = Automatic;
				CURRENT_PROJECT_VERSION = 1;
				GENERATE_INFOPLIST_FILE = YES;
				IPHONEOS_DEPLOYMENT_TARGET = 15.5;
				MARKETING_VERSION = 1.0;
				PRODUCT_BUNDLE_IDENTIFIER = KWK.introToStoryboardTests;
				PRODUCT_NAME = "$(TARGET_NAME)";
				SWIFT_EMIT_LOC_STRINGS = NO;
				SWIFT_VERSION = 5.0;
				TARGETED_DEVICE_FAMILY = "1,2";
				TEST_HOST = "$(BUILT_PRODUCTS_DIR)/introToStoryboard.app/introToStoryboard";
			};
			name = Release;
		};
		BD21796A289178720013C58B /* Debug */ = {
			isa = XCBuildConfiguration;
			buildSettings = {
				ALWAYS_EMBED_SWIFT_STANDARD_LIBRARIES = YES;
				CODE_SIGN_STYLE = Automatic;
				CURRENT_PROJECT_VERSION = 1;
				GENERATE_INFOPLIST_FILE = YES;
				MARKETING_VERSION = 1.0;
				PRODUCT_BUNDLE_IDENTIFIER = KWK.introToStoryboardUITests;
				PRODUCT_NAME = "$(TARGET_NAME)";
				SWIFT_EMIT_LOC_STRINGS = NO;
				SWIFT_VERSION = 5.0;
				TARGETED_DEVICE_FAMILY = "1,2";
				TEST_TARGET_NAME = introToStoryboard;
			};
			name = Debug;
		};
		BD21796B289178720013C58B /* Release */ = {
			isa = XCBuildConfiguration;
			buildSettings = {
				ALWAYS_EMBED_SWIFT_STANDARD_LIBRARIES = YES;
				CODE_SIGN_STYLE = Automatic;
				CURRENT_PROJECT_VERSION = 1;
				GENERATE_INFOPLIST_FILE = YES;
				MARKETING_VERSION = 1.0;
				PRODUCT_BUNDLE_IDENTIFIER = KWK.introToStoryboardUITests;
				PRODUCT_NAME = "$(TARGET_NAME)";
				SWIFT_EMIT_LOC_STRINGS = NO;
				SWIFT_VERSION = 5.0;
				TARGETED_DEVICE_FAMILY = "1,2";
				TEST_TARGET_NAME = introToStoryboard;
			};
			name = Release;
		};
/* End XCBuildConfiguration section */

/* Begin XCConfigurationList section */
		BD2179312891786E0013C58B /* Build configuration list for PBXProject "introToStoryboard" */ = {
			isa = XCConfigurationList;
			buildConfigurations = (
				BD217961289178720013C58B /* Debug */,
				BD217962289178720013C58B /* Release */,
			);
			defaultConfigurationIsVisible = 0;
			defaultConfigurationName = Release;
		};
		BD217963289178720013C58B /* Build configuration list for PBXNativeTarget "introToStoryboard" */ = {
			isa = XCConfigurationList;
			buildConfigurations = (
				BD217964289178720013C58B /* Debug */,
				BD217965289178720013C58B /* Release */,
			);
			defaultConfigurationIsVisible = 0;
			defaultConfigurationName = Release;
		};
		BD217966289178720013C58B /* Build configuration list for PBXNativeTarget "introToStoryboardTests" */ = {
			isa = XCConfigurationList;
			buildConfigurations = (
				BD217967289178720013C58B /* Debug */,
				BD217968289178720013C58B /* Release */,
			);
			defaultConfigurationIsVisible = 0;
			defaultConfigurationName = Release;
		};
		BD217969289178720013C58B /* Build configuration list for PBXNativeTarget "introToStoryboardUITests" */ = {
			isa = XCConfigurationList;
			buildConfigurations = (
				BD21796A289178720013C58B /* Debug */,
				BD21796B289178720013C58B /* Release */,
			);
			defaultConfigurationIsVisible = 0;
			defaultConfigurationName = Release;
		};
/* End XCConfigurationList section */

/* Begin XCVersionGroup section */
		BD2179422891786F0013C58B /* introToStoryboard.xcdatamodeld */ = {
			isa = XCVersionGroup;
			children = (
				BD2179432891786F0013C58B /* introToStoryboard.xcdatamodel */,
			);
			currentVersion = BD2179432891786F0013C58B /* introToStoryboard.xcdatamodel */;
			path = introToStoryboard.xcdatamodeld;
			sourceTree = "<group>";
			versionGroupType = wrapper.xcdatamodel;
		};
/* End XCVersionGroup section */
	};
	rootObject = BD21792E2891786E0013C58B /* Project object */;
}
