// !$*UTF8*$!
{
	archiveVersion = 1;
	classes = {
	};
	objectVersion = 55;
	objects = {

/* Begin PBXBuildFile section */
		BD5593DB2892FE6C0007710A /* AppDelegate.swift in Sources */ = {isa = PBXBuildFile; fileRef = BD5593DA2892FE6C0007710A /* AppDelegate.swift */; };
		BD5593DD2892FE6C0007710A /* SceneDelegate.swift in Sources */ = {isa = PBXBuildFile; fileRef = BD5593DC2892FE6C0007710A /* SceneDelegate.swift */; };
		BD5593DF2892FE6C0007710A /* ViewController.swift in Sources */ = {isa = PBXBuildFile; fileRef = BD5593DE2892FE6C0007710A /* ViewController.swift */; };
		BD5593E22892FE6C0007710A /* Main.storyboard in Resources */ = {isa = PBXBuildFile; fileRef = BD5593E02892FE6C0007710A /* Main.storyboard */; };
		BD5593E52892FE6C0007710A /* MiniProject2.xcdatamodeld in Sources */ = {isa = PBXBuildFile; fileRef = BD5593E32892FE6C0007710A /* MiniProject2.xcdatamodeld */; };
		BD5593E72892FE6D0007710A /* Assets.xcassets in Resources */ = {isa = PBXBuildFile; fileRef = BD5593E62892FE6D0007710A /* Assets.xcassets */; };
		BD5593EA2892FE6D0007710A /* LaunchScreen.storyboard in Resources */ = {isa = PBXBuildFile; fileRef = BD5593E82892FE6D0007710A /* LaunchScreen.storyboard */; };
		BD5593F52892FE6D0007710A /* MiniProject2Tests.swift in Sources */ = {isa = PBXBuildFile; fileRef = BD5593F42892FE6D0007710A /* MiniProject2Tests.swift */; };
		BD5593FF2892FE6D0007710A /* MiniProject2UITests.swift in Sources */ = {isa = PBXBuildFile; fileRef = BD5593FE2892FE6D0007710A /* MiniProject2UITests.swift */; };
		BD5594012892FE6D0007710A /* MiniProject2UITestsLaunchTests.swift in Sources */ = {isa = PBXBuildFile; fileRef = BD5594002892FE6D0007710A /* MiniProject2UITestsLaunchTests.swift */; };
		BD559410289302F50007710A /* ViewController3.swift in Sources */ = {isa = PBXBuildFile; fileRef = BD55940F289302F50007710A /* ViewController3.swift */; };
		BD559412289303540007710A /* ViewController2.swift in Sources */ = {isa = PBXBuildFile; fileRef = BD559411289303540007710A /* ViewController2.swift */; };
		BD559414289311F70007710A /* ViewController4.swift in Sources */ = {isa = PBXBuildFile; fileRef = BD559413289311F70007710A /* ViewController4.swift */; };
/* End PBXBuildFile section */

/* Begin PBXContainerItemProxy section */
		BD5593F12892FE6D0007710A /* PBXContainerItemProxy */ = {
			isa = PBXContainerItemProxy;
			containerPortal = BD5593CF2892FE6C0007710A /* Project object */;
			proxyType = 1;
			remoteGlobalIDString = BD5593D62892FE6C0007710A;
			remoteInfo = MiniProject2;
		};
		BD5593FB2892FE6D0007710A /* PBXContainerItemProxy */ = {
			isa = PBXContainerItemProxy;
			containerPortal = BD5593CF2892FE6C0007710A /* Project object */;
			proxyType = 1;
			remoteGlobalIDString = BD5593D62892FE6C0007710A;
			remoteInfo = MiniProject2;
		};
/* End PBXContainerItemProxy section */

/* Begin PBXFileReference section */
		BD5593D72892FE6C0007710A /* MiniProject2.app */ = {isa = PBXFileReference; explicitFileType = wrapper.application; includeInIndex = 0; path = MiniProject2.app; sourceTree = BUILT_PRODUCTS_DIR; };
		BD5593DA2892FE6C0007710A /* AppDelegate.swift */ = {isa = PBXFileReference; lastKnownFileType = sourcecode.swift; path = AppDelegate.swift; sourceTree = "<group>"; };
		BD5593DC2892FE6C0007710A /* SceneDelegate.swift */ = {isa = PBXFileReference; lastKnownFileType = sourcecode.swift; path = SceneDelegate.swift; sourceTree = "<group>"; };
		BD5593DE2892FE6C0007710A /* ViewController.swift */ = {isa = PBXFileReference; lastKnownFileType = sourcecode.swift; path = ViewController.swift; sourceTree = "<group>"; };
		BD5593E12892FE6C0007710A /* Base */ = {isa = PBXFileReference; lastKnownFileType = file.storyboard; name = Base; path = Base.lproj/Main.storyboard; sourceTree = "<group>"; };
		BD5593E42892FE6C0007710A /* MiniProject2.xcdatamodel */ = {isa = PBXFileReference; lastKnownFileType = wrapper.xcdatamodel; path = MiniProject2.xcdatamodel; sourceTree = "<group>"; };
		BD5593E62892FE6D0007710A /* Assets.xcassets */ = {isa = PBXFileReference; lastKnownFileType = folder.assetcatalog; path = Assets.xcassets; sourceTree = "<group>"; };
		BD5593E92892FE6D0007710A /* Base */ = {isa = PBXFileReference; lastKnownFileType = file.storyboard; name = Base; path = Base.lproj/LaunchScreen.storyboard; sourceTree = "<group>"; };
		BD5593EB2892FE6D0007710A /* Info.plist */ = {isa = PBXFileReference; lastKnownFileType = text.plist.xml; path = Info.plist; sourceTree = "<group>"; };
		BD5593F02892FE6D0007710A /* MiniProject2Tests.xctest */ = {isa = PBXFileReference; explicitFileType = wrapper.cfbundle; includeInIndex = 0; path = MiniProject2Tests.xctest; sourceTree = BUILT_PRODUCTS_DIR; };
		BD5593F42892FE6D0007710A /* MiniProject2Tests.swift */ = {isa = PBXFileReference; lastKnownFileType = sourcecode.swift; path = MiniProject2Tests.swift; sourceTree = "<group>"; };
		BD5593FA2892FE6D0007710A /* MiniProject2UITests.xctest */ = {isa = PBXFileReference; explicitFileType = wrapper.cfbundle; includeInIndex = 0; path = MiniProject2UITests.xctest; sourceTree = BUILT_PRODUCTS_DIR; };
		BD5593FE2892FE6D0007710A /* MiniProject2UITests.swift */ = {isa = PBXFileReference; lastKnownFileType = sourcecode.swift; path = MiniProject2UITests.swift; sourceTree = "<group>"; };
		BD5594002892FE6D0007710A /* MiniProject2UITestsLaunchTests.swift */ = {isa = PBXFileReference; lastKnownFileType = sourcecode.swift; path = MiniProject2UITestsLaunchTests.swift; sourceTree = "<group>"; };
		BD55940F289302F50007710A /* ViewController3.swift */ = {isa = PBXFileReference; lastKnownFileType = sourcecode.swift; path = ViewController3.swift; sourceTree = "<group>"; };
		BD559411289303540007710A /* ViewController2.swift */ = {isa = PBXFileReference; lastKnownFileType = sourcecode.swift; path = ViewController2.swift; sourceTree = "<group>"; };
		BD559413289311F70007710A /* ViewController4.swift */ = {isa = PBXFileReference; lastKnownFileType = sourcecode.swift; path = ViewController4.swift; sourceTree = "<group>"; };
/* End PBXFileReference section */

/* Begin PBXFrameworksBuildPhase section */
		BD5593D42892FE6C0007710A /* Frameworks */ = {
			isa = PBXFrameworksBuildPhase;
			buildActionMask = 2147483647;
			files = (
			);
			runOnlyForDeploymentPostprocessing = 0;
		};
		BD5593ED2892FE6D0007710A /* Frameworks */ = {
			isa = PBXFrameworksBuildPhase;
			buildActionMask = 2147483647;
			files = (
			);
			runOnlyForDeploymentPostprocessing = 0;
		};
		BD5593F72892FE6D0007710A /* Frameworks */ = {
			isa = PBXFrameworksBuildPhase;
			buildActionMask = 2147483647;
			files = (
			);
			runOnlyForDeploymentPostprocessing = 0;
		};
/* End PBXFrameworksBuildPhase section */

/* Begin PBXGroup section */
		BD5593CE2892FE6C0007710A = {
			isa = PBXGroup;
			children = (
				BD5593D92892FE6C0007710A /* MiniProject2 */,
				BD5593F32892FE6D0007710A /* MiniProject2Tests */,
				BD5593FD2892FE6D0007710A /* MiniProject2UITests */,
				BD5593D82892FE6C0007710A /* Products */,
			);
			sourceTree = "<group>";
		};
		BD5593D82892FE6C0007710A /* Products */ = {
			isa = PBXGroup;
			children = (
				BD5593D72892FE6C0007710A /* MiniProject2.app */,
				BD5593F02892FE6D0007710A /* MiniProject2Tests.xctest */,
				BD5593FA2892FE6D0007710A /* MiniProject2UITests.xctest */,
			);
			name = Products;
			sourceTree = "<group>";
		};
		BD5593D92892FE6C0007710A /* MiniProject2 */ = {
			isa = PBXGroup;
			children = (
				BD55940F289302F50007710A /* ViewController3.swift */,
				BD559413289311F70007710A /* ViewController4.swift */,
				BD5593DA2892FE6C0007710A /* AppDelegate.swift */,
				BD5593DC2892FE6C0007710A /* SceneDelegate.swift */,
				BD5593DE2892FE6C0007710A /* ViewController.swift */,
				BD5593E02892FE6C0007710A /* Main.storyboard */,
				BD559411289303540007710A /* ViewController2.swift */,
				BD5593E62892FE6D0007710A /* Assets.xcassets */,
				BD5593E82892FE6D0007710A /* LaunchScreen.storyboard */,
				BD5593EB2892FE6D0007710A /* Info.plist */,
				BD5593E32892FE6C0007710A /* MiniProject2.xcdatamodeld */,
			);
			path = MiniProject2;
			sourceTree = "<group>";
		};
		BD5593F32892FE6D0007710A /* MiniProject2Tests */ = {
			isa = PBXGroup;
			children = (
				BD5593F42892FE6D0007710A /* MiniProject2Tests.swift */,
			);
			path = MiniProject2Tests;
			sourceTree = "<group>";
		};
		BD5593FD2892FE6D0007710A /* MiniProject2UITests */ = {
			isa = PBXGroup;
			children = (
				BD5593FE2892FE6D0007710A /* MiniProject2UITests.swift */,
				BD5594002892FE6D0007710A /* MiniProject2UITestsLaunchTests.swift */,
			);
			path = MiniProject2UITests;
			sourceTree = "<group>";
		};
/* End PBXGroup section */

/* Begin PBXNativeTarget section */
		BD5593D62892FE6C0007710A /* MiniProject2 */ = {
			isa = PBXNativeTarget;
			buildConfigurationList = BD5594042892FE6D0007710A /* Build configuration list for PBXNativeTarget "MiniProject2" */;
			buildPhases = (
				BD5593D32892FE6C0007710A /* Sources */,
				BD5593D42892FE6C0007710A /* Frameworks */,
				BD5593D52892FE6C0007710A /* Resources */,
			);
			buildRules = (
			);
			dependencies = (
			);
			name = MiniProject2;
			productName = MiniProject2;
			productReference = BD5593D72892FE6C0007710A /* MiniProject2.app */;
			productType = "com.apple.product-type.application";
		};
		BD5593EF2892FE6D0007710A /* MiniProject2Tests */ = {
			isa = PBXNativeTarget;
			buildConfigurationList = BD5594072892FE6D0007710A /* Build configuration list for PBXNativeTarget "MiniProject2Tests" */;
			buildPhases = (
				BD5593EC2892FE6D0007710A /* Sources */,
				BD5593ED2892FE6D0007710A /* Frameworks */,
				BD5593EE2892FE6D0007710A /* Resources */,
			);
			buildRules = (
			);
			dependencies = (
				BD5593F22892FE6D0007710A /* PBXTargetDependency */,
			);
			name = MiniProject2Tests;
			productName = MiniProject2Tests;
			productReference = BD5593F02892FE6D0007710A /* MiniProject2Tests.xctest */;
			productType = "com.apple.product-type.bundle.unit-test";
		};
		BD5593F92892FE6D0007710A /* MiniProject2UITests */ = {
			isa = PBXNativeTarget;
			buildConfigurationList = BD55940A2892FE6D0007710A /* Build configuration list for PBXNativeTarget "MiniProject2UITests" */;
			buildPhases = (
				BD5593F62892FE6D0007710A /* Sources */,
				BD5593F72892FE6D0007710A /* Frameworks */,
				BD5593F82892FE6D0007710A /* Resources */,
			);
			buildRules = (
			);
			dependencies = (
				BD5593FC2892FE6D0007710A /* PBXTargetDependency */,
			);
			name = MiniProject2UITests;
			productName = MiniProject2UITests;
			productReference = BD5593FA2892FE6D0007710A /* MiniProject2UITests.xctest */;
			productType = "com.apple.product-type.bundle.ui-testing";
		};
/* End PBXNativeTarget section */

/* Begin PBXProject section */
		BD5593CF2892FE6C0007710A /* Project object */ = {
			isa = PBXProject;
			attributes = {
				BuildIndependentTargetsInParallel = 1;
				LastSwiftUpdateCheck = 1340;
				LastUpgradeCheck = 1340;
				TargetAttributes = {
					BD5593D62892FE6C0007710A = {
						CreatedOnToolsVersion = 13.4.1;
					};
					BD5593EF2892FE6D0007710A = {
						CreatedOnToolsVersion = 13.4.1;
						TestTargetID = BD5593D62892FE6C0007710A;
					};
					BD5593F92892FE6D0007710A = {
						CreatedOnToolsVersion = 13.4.1;
						TestTargetID = BD5593D62892FE6C0007710A;
					};
				};
			};
			buildConfigurationList = BD5593D22892FE6C0007710A /* Build configuration list for PBXProject "MiniProject2" */;
			compatibilityVersion = "Xcode 13.0";
			developmentRegion = en;
			hasScannedForEncodings = 0;
			knownRegions = (
				en,
				Base,
			);
			mainGroup = BD5593CE2892FE6C0007710A;
			productRefGroup = BD5593D82892FE6C0007710A /* Products */;
			projectDirPath = "";
			projectRoot = "";
			targets = (
				BD5593D62892FE6C0007710A /* MiniProject2 */,
				BD5593EF2892FE6D0007710A /* MiniProject2Tests */,
				BD5593F92892FE6D0007710A /* MiniProject2UITests */,
			);
		};
/* End PBXProject section */

/* Begin PBXResourcesBuildPhase section */
		BD5593D52892FE6C0007710A /* Resources */ = {
			isa = PBXResourcesBuildPhase;
			buildActionMask = 2147483647;
			files = (
				BD5593EA2892FE6D0007710A /* LaunchScreen.storyboard in Resources */,
				BD5593E72892FE6D0007710A /* Assets.xcassets in Resources */,
				BD5593E22892FE6C0007710A /* Main.storyboard in Resources */,
			);
			runOnlyForDeploymentPostprocessing = 0;
		};
		BD5593EE2892FE6D0007710A /* Resources */ = {
			isa = PBXResourcesBuildPhase;
			buildActionMask = 2147483647;
			files = (
			);
			runOnlyForDeploymentPostprocessing = 0;
		};
		BD5593F82892FE6D0007710A /* Resources */ = {
			isa = PBXResourcesBuildPhase;
			buildActionMask = 2147483647;
			files = (
			);
			runOnlyForDeploymentPostprocessing = 0;
		};
/* End PBXResourcesBuildPhase section */

/* Begin PBXSourcesBuildPhase section */
		BD5593D32892FE6C0007710A /* Sources */ = {
			isa = PBXSourcesBuildPhase;
			buildActionMask = 2147483647;
			files = (
				BD5593DF2892FE6C0007710A /* ViewController.swift in Sources */,
				BD559414289311F70007710A /* ViewController4.swift in Sources */,
				BD5593DB2892FE6C0007710A /* AppDelegate.swift in Sources */,
				BD559410289302F50007710A /* ViewController3.swift in Sources */,
				BD5593DD2892FE6C0007710A /* SceneDelegate.swift in Sources */,
				BD5593E52892FE6C0007710A /* MiniProject2.xcdatamodeld in Sources */,
				BD559412289303540007710A /* ViewController2.swift in Sources */,
			);
			runOnlyForDeploymentPostprocessing = 0;
		};
		BD5593EC2892FE6D0007710A /* Sources */ = {
			isa = PBXSourcesBuildPhase;
			buildActionMask = 2147483647;
			files = (
				BD5593F52892FE6D0007710A /* MiniProject2Tests.swift in Sources */,
			);
			runOnlyForDeploymentPostprocessing = 0;
		};
		BD5593F62892FE6D0007710A /* Sources */ = {
			isa = PBXSourcesBuildPhase;
			buildActionMask = 2147483647;
			files = (
				BD5594012892FE6D0007710A /* MiniProject2UITestsLaunchTests.swift in Sources */,
				BD5593FF2892FE6D0007710A /* MiniProject2UITests.swift in Sources */,
			);
			runOnlyForDeploymentPostprocessing = 0;
		};
/* End PBXSourcesBuildPhase section */

/* Begin PBXTargetDependency section */
		BD5593F22892FE6D0007710A /* PBXTargetDependency */ = {
			isa = PBXTargetDependency;
			target = BD5593D62892FE6C0007710A /* MiniProject2 */;
			targetProxy = BD5593F12892FE6D0007710A /* PBXContainerItemProxy */;
		};
		BD5593FC2892FE6D0007710A /* PBXTargetDependency */ = {
			isa = PBXTargetDependency;
			target = BD5593D62892FE6C0007710A /* MiniProject2 */;
			targetProxy = BD5593FB2892FE6D0007710A /* PBXContainerItemProxy */;
		};
/* End PBXTargetDependency section */

/* Begin PBXVariantGroup section */
		BD5593E02892FE6C0007710A /* Main.storyboard */ = {
			isa = PBXVariantGroup;
			children = (
				BD5593E12892FE6C0007710A /* Base */,
			);
			name = Main.storyboard;
			sourceTree = "<group>";
		};
		BD5593E82892FE6D0007710A /* LaunchScreen.storyboard */ = {
			isa = PBXVariantGroup;
			children = (
				BD5593E92892FE6D0007710A /* Base */,
			);
			name = LaunchScreen.storyboard;
			sourceTree = "<group>";
		};
/* End PBXVariantGroup section */

/* Begin XCBuildConfiguration section */
		BD5594022892FE6D0007710A /* Debug */ = {
			isa = XCBuildConfiguration;
			buildSettings = {
				ALWAYS_SEARCH_USER_PATHS = NO;
				CLANG_ANALYZER_NONNULL = YES;
				CLANG_ANALYZER_NUMBER_OBJECT_CONVERSION = YES_AGGRESSIVE;
				CLANG_CXX_LANGUAGE_STANDARD = "gnu++17";
				CLANG_ENABLE_MODULES = YES;
				CLANG_ENABLE_OBJC_ARC = YES;
				CLANG_ENABLE_OBJC_WEAK = YES;
				CLANG_WARN_BLOCK_CAPTURE_AUTORELEASING = YES;
				CLANG_WARN_BOOL_CONVERSION = YES;
				CLANG_WARN_COMMA = YES;
				CLANG_WARN_CONSTANT_CONVERSION = YES;
				CLANG_WARN_DEPRECATED_OBJC_IMPLEMENTATIONS = YES;
				CLANG_WARN_DIRECT_OBJC_ISA_USAGE = YES_ERROR;
				CLANG_WARN_DOCUMENTATION_COMMENTS = YES;
				CLANG_WARN_EMPTY_BODY = YES;
				CLANG_WARN_ENUM_CONVERSION = YES;
				CLANG_WARN_INFINITE_RECURSION = YES;
				CLANG_WARN_INT_CONVERSION = YES;
				CLANG_WARN_NON_LITERAL_NULL_CONVERSION = YES;
				CLANG_WARN_OBJC_IMPLICIT_RETAIN_SELF = YES;
				CLANG_WARN_OBJC_LITERAL_CONVERSION = YES;
				CLANG_WARN_OBJC_ROOT_CLASS = YES_ERROR;
				CLANG_WARN_QUOTED_INCLUDE_IN_FRAMEWORK_HEADER = YES;
				CLANG_WARN_RANGE_LOOP_ANALYSIS = YES;
				CLANG_WARN_STRICT_PROTOTYPES = YES;
				CLANG_WARN_SUSPICIOUS_MOVE = YES;
				CLANG_WARN_UNGUARDED_AVAILABILITY = YES_AGGRESSIVE;
				CLANG_WARN_UNREACHABLE_CODE = YES;
				CLANG_WARN__DUPLICATE_METHOD_MATCH = YES;
				COPY_PHASE_STRIP = NO;
				DEBUG_INFORMATION_FORMAT = dwarf;
				ENABLE_STRICT_OBJC_MSGSEND = YES;
				ENABLE_TESTABILITY = YES;
				GCC_C_LANGUAGE_STANDARD = gnu11;
				GCC_DYNAMIC_NO_PIC = NO;
				GCC_NO_COMMON_BLOCKS = YES;
				GCC_OPTIMIZATION_LEVEL = 0;
				GCC_PREPROCESSOR_DEFINITIONS = (
					"DEBUG=1",
					"$(inherited)",
				);
				GCC_WARN_64_TO_32_BIT_CONVERSION = YES;
				GCC_WARN_ABOUT_RETURN_TYPE = YES_ERROR;
				GCC_WARN_UNDECLARED_SELECTOR = YES;
				GCC_WARN_UNINITIALIZED_AUTOS = YES_AGGRESSIVE;
				GCC_WARN_UNUSED_FUNCTION = YES;
				GCC_WARN_UNUSED_VARIABLE = YES;
				IPHONEOS_DEPLOYMENT_TARGET = 15.5;
				MTL_ENABLE_DEBUG_INFO = INCLUDE_SOURCE;
				MTL_FAST_MATH = YES;
				ONLY_ACTIVE_ARCH = YES;
				SDKROOT = iphoneos;
				SWIFT_ACTIVE_COMPILATION_CONDITIONS = DEBUG;
				SWIFT_OPTIMIZATION_LEVEL = "-Onone";
			};
			name = Debug;
		};
		BD5594032892FE6D0007710A /* Release */ = {
			isa = XCBuildConfiguration;
			buildSettings = {
				ALWAYS_SEARCH_USER_PATHS = NO;
				CLANG_ANALYZER_NONNULL = YES;
				CLANG_ANALYZER_NUMBER_OBJECT_CONVERSION = YES_AGGRESSIVE;
				CLANG_CXX_LANGUAGE_STANDARD = "gnu++17";
				CLANG_ENABLE_MODULES = YES;
				CLANG_ENABLE_OBJC_ARC = YES;
				CLANG_ENABLE_OBJC_WEAK = YES;
				CLANG_WARN_BLOCK_CAPTURE_AUTORELEASING = YES;
				CLANG_WARN_BOOL_CONVERSION = YES;
				CLANG_WARN_COMMA = YES;
				CLANG_WARN_CONSTANT_CONVERSION = YES;
				CLANG_WARN_DEPRECATED_OBJC_IMPLEMENTATIONS = YES;
				CLANG_WARN_DIRECT_OBJC_ISA_USAGE = YES_ERROR;
				CLANG_WARN_DOCUMENTATION_COMMENTS = YES;
				CLANG_WARN_EMPTY_BODY = YES;
				CLANG_WARN_ENUM_CONVERSION = YES;
				CLANG_WARN_INFINITE_RECURSION = YES;
				CLANG_WARN_INT_CONVERSION = YES;
				CLANG_WARN_NON_LITERAL_NULL_CONVERSION = YES;
				CLANG_WARN_OBJC_IMPLICIT_RETAIN_SELF = YES;
				CLANG_WARN_OBJC_LITERAL_CONVERSION = YES;
				CLANG_WARN_OBJC_ROOT_CLASS = YES_ERROR;
				CLANG_WARN_QUOTED_INCLUDE_IN_FRAMEWORK_HEADER = YES;
				CLANG_WARN_RANGE_LOOP_ANALYSIS = YES;
				CLANG_WARN_STRICT_PROTOTYPES = YES;
				CLANG_WARN_SUSPICIOUS_MOVE = YES;
				CLANG_WARN_UNGUARDED_AVAILABILITY = YES_AGGRESSIVE;
				CLANG_WARN_UNREACHABLE_CODE = YES;
				CLANG_WARN__DUPLICATE_METHOD_MATCH = YES;
				COPY_PHASE_STRIP = NO;
				DEBUG_INFORMATION_FORMAT = "dwarf-with-dsym";
				ENABLE_NS_ASSERTIONS = NO;
				ENABLE_STRICT_OBJC_MSGSEND = YES;
				GCC_C_LANGUAGE_STANDARD = gnu11;
				GCC_NO_COMMON_BLOCKS = YES;
				GCC_WARN_64_TO_32_BIT_CONVERSION = YES;
				GCC_WARN_ABOUT_RETURN_TYPE = YES_ERROR;
				GCC_WARN_UNDECLARED_SELECTOR = YES;
				GCC_WARN_UNINITIALIZED_AUTOS = YES_AGGRESSIVE;
				GCC_WARN_UNUSED_FUNCTION = YES;
				GCC_WARN_UNUSED_VARIABLE = YES;
				IPHONEOS_DEPLOYMENT_TARGET = 15.5;
				MTL_ENABLE_DEBUG_INFO = NO;
				MTL_FAST_MATH = YES;
				SDKROOT = iphoneos;
				SWIFT_COMPILATION_MODE = wholemodule;
				SWIFT_OPTIMIZATION_LEVEL = "-O";
				VALIDATE_PRODUCT = YES;
			};
			name = Release;
		};
		BD5594052892FE6D0007710A /* Debug */ = {
			isa = XCBuildConfiguration;
			buildSettings = {
				ASSETCATALOG_COMPILER_APPICON_NAME = AppIcon;
				ASSETCATALOG_COMPILER_GLOBAL_ACCENT_COLOR_NAME = AccentColor;
				CODE_SIGN_STYLE = Automatic;
				CURRENT_PROJECT_VERSION = 1;
				GENERATE_INFOPLIST_FILE = YES;
				INFOPLIST_FILE = MiniProject2/Info.plist;
				INFOPLIST_KEY_UIApplicationSupportsIndirectInputEvents = YES;
				INFOPLIST_KEY_UILaunchStoryboardName = LaunchScreen;
				INFOPLIST_KEY_UIMainStoryboardFile = Main;
				INFOPLIST_KEY_UISupportedInterfaceOrientations_iPad = "UIInterfaceOrientationPortrait UIInterfaceOrientationPortraitUpsideDown UIInterfaceOrientationLandscapeLeft UIInterfaceOrientationLandscapeRight";
				INFOPLIST_KEY_UISupportedInterfaceOrientations_iPhone = "UIInterfaceOrientationPortrait UIInterfaceOrientationLandscapeLeft UIInterfaceOrientationLandscapeRight";
				LD_RUNPATH_SEARCH_PATHS = (
					"$(inherited)",
					"@executable_path/Frameworks",
				);
				MARKETING_VERSION = 1.0;
				PRODUCT_BUNDLE_IDENTIFIER = KWK.MiniProject2;
				PRODUCT_NAME = "$(TARGET_NAME)";
				SWIFT_EMIT_LOC_STRINGS = YES;
				SWIFT_VERSION = 5.0;
				TARGETED_DEVICE_FAMILY = "1,2";
			};
			name = Debug;
		};
		BD5594062892FE6D0007710A /* Release */ = {
			isa = XCBuildConfiguration;
			buildSettings = {
				ASSETCATALOG_COMPILER_APPICON_NAME = AppIcon;
				ASSETCATALOG_COMPILER_GLOBAL_ACCENT_COLOR_NAME = AccentColor;
				CODE_SIGN_STYLE = Automatic;
				CURRENT_PROJECT_VERSION = 1;
				GENERATE_INFOPLIST_FILE = YES;
				INFOPLIST_FILE = MiniProject2/Info.plist;
				INFOPLIST_KEY_UIApplicationSupportsIndirectInputEvents = YES;
				INFOPLIST_KEY_UILaunchStoryboardName = LaunchScreen;
				INFOPLIST_KEY_UIMainStoryboardFile = Main;
				INFOPLIST_KEY_UISupportedInterfaceOrientations_iPad = "UIInterfaceOrientationPortrait UIInterfaceOrientationPortraitUpsideDown UIInterfaceOrientationLandscapeLeft UIInterfaceOrientationLandscapeRight";
				INFOPLIST_KEY_UISupportedInterfaceOrientations_iPhone = "UIInterfaceOrientationPortrait UIInterfaceOrientationLandscapeLeft UIInterfaceOrientationLandscapeRight";
				LD_RUNPATH_SEARCH_PATHS = (
					"$(inherited)",
					"@executable_path/Frameworks",
				);
				MARKETING_VERSION = 1.0;
				PRODUCT_BUNDLE_IDENTIFIER = KWK.MiniProject2;
				PRODUCT_NAME = "$(TARGET_NAME)";
				SWIFT_EMIT_LOC_STRINGS = YES;
				SWIFT_VERSION = 5.0;
				TARGETED_DEVICE_FAMILY = "1,2";
			};
			name = Release;
		};
		BD5594082892FE6D0007710A /* Debug */ = {
			isa = XCBuildConfiguration;
			buildSettings = {
				ALWAYS_EMBED_SWIFT_STANDARD_LIBRARIES = YES;
				BUNDLE_LOADER = "$(TEST_HOST)";
				CODE_SIGN_STYLE = Automatic;
				CURRENT_PROJECT_VERSION = 1;
				GENERATE_INFOPLIST_FILE = YES;
				IPHONEOS_DEPLOYMENT_TARGET = 15.5;
				MARKETING_VERSION = 1.0;
				PRODUCT_BUNDLE_IDENTIFIER = KWK.MiniProject2Tests;
				PRODUCT_NAME = "$(TARGET_NAME)";
				SWIFT_EMIT_LOC_STRINGS = NO;
				SWIFT_VERSION = 5.0;
				TARGETED_DEVICE_FAMILY = "1,2";
				TEST_HOST = "$(BUILT_PRODUCTS_DIR)/MiniProject2.app/MiniProject2";
			};
			name = Debug;
		};
		BD5594092892FE6D0007710A /* Release */ = {
			isa = XCBuildConfiguration;
			buildSettings = {
				ALWAYS_EMBED_SWIFT_STANDARD_LIBRARIES = YES;
				BUNDLE_LOADER = "$(TEST_HOST)";
				CODE_SIGN_STYLE = Automatic;
				CURRENT_PROJECT_VERSION = 1;
				GENERATE_INFOPLIST_FILE = YES;
				IPHONEOS_DEPLOYMENT_TARGET = 15.5;
				MARKETING_VERSION = 1.0;
				PRODUCT_BUNDLE_IDENTIFIER = KWK.MiniProject2Tests;
				PRODUCT_NAME = "$(TARGET_NAME)";
				SWIFT_EMIT_LOC_STRINGS = NO;
				SWIFT_VERSION = 5.0;
				TARGETED_DEVICE_FAMILY = "1,2";
				TEST_HOST = "$(BUILT_PRODUCTS_DIR)/MiniProject2.app/MiniProject2";
			};
			name = Release;
		};
		BD55940B2892FE6D0007710A /* Debug */ = {
			isa = XCBuildConfiguration;
			buildSettings = {
				ALWAYS_EMBED_SWIFT_STANDARD_LIBRARIES = YES;
				CODE_SIGN_STYLE = Automatic;
				CURRENT_PROJECT_VERSION = 1;
				GENERATE_INFOPLIST_FILE = YES;
				MARKETING_VERSION = 1.0;
				PRODUCT_BUNDLE_IDENTIFIER = KWK.MiniProject2UITests;
				PRODUCT_NAME = "$(TARGET_NAME)";
				SWIFT_EMIT_LOC_STRINGS = NO;
				SWIFT_VERSION = 5.0;
				TARGETED_DEVICE_FAMILY = "1,2";
				TEST_TARGET_NAME = MiniProject2;
			};
			name = Debug;
		};
		BD55940C2892FE6D0007710A /* Release */ = {
			isa = XCBuildConfiguration;
			buildSettings = {
				ALWAYS_EMBED_SWIFT_STANDARD_LIBRARIES = YES;
				CODE_SIGN_STYLE = Automatic;
				CURRENT_PROJECT_VERSION = 1;
				GENERATE_INFOPLIST_FILE = YES;
				MARKETING_VERSION = 1.0;
				PRODUCT_BUNDLE_IDENTIFIER = KWK.MiniProject2UITests;
				PRODUCT_NAME = "$(TARGET_NAME)";
				SWIFT_EMIT_LOC_STRINGS = NO;
				SWIFT_VERSION = 5.0;
				TARGETED_DEVICE_FAMILY = "1,2";
				TEST_TARGET_NAME = MiniProject2;
			};
			name = Release;
		};
/* End XCBuildConfiguration section */

/* Begin XCConfigurationList section */
		BD5593D22892FE6C0007710A /* Build configuration list for PBXProject "MiniProject2" */ = {
			isa = XCConfigurationList;
			buildConfigurations = (
				BD5594022892FE6D0007710A /* Debug */,
				BD5594032892FE6D0007710A /* Release */,
			);
			defaultConfigurationIsVisible = 0;
			defaultConfigurationName = Release;
		};
		BD5594042892FE6D0007710A /* Build configuration list for PBXNativeTarget "MiniProject2" */ = {
			isa = XCConfigurationList;
			buildConfigurations = (
				BD5594052892FE6D0007710A /* Debug */,
				BD5594062892FE6D0007710A /* Release */,
			);
			defaultConfigurationIsVisible = 0;
			defaultConfigurationName = Release;
		};
		BD5594072892FE6D0007710A /* Build configuration list for PBXNativeTarget "MiniProject2Tests" */ = {
			isa = XCConfigurationList;
			buildConfigurations = (
				BD5594082892FE6D0007710A /* Debug */,
				BD5594092892FE6D0007710A /* Release */,
			);
			defaultConfigurationIsVisible = 0;
			defaultConfigurationName = Release;
		};
		BD55940A2892FE6D0007710A /* Build configuration list for PBXNativeTarget "MiniProject2UITests" */ = {
			isa = XCConfigurationList;
			buildConfigurations = (
				BD55940B2892FE6D0007710A /* Debug */,
				BD55940C2892FE6D0007710A /* Release */,
			);
			defaultConfigurationIsVisible = 0;
			defaultConfigurationName = Release;
		};
/* End XCConfigurationList section */

/* Begin XCVersionGroup section */
		BD5593E32892FE6C0007710A /* MiniProject2.xcdatamodeld */ = {
			isa = XCVersionGroup;
			children = (
				BD5593E42892FE6C0007710A /* MiniProject2.xcdatamodel */,
			);
			currentVersion = BD5593E42892FE6C0007710A /* MiniProject2.xcdatamodel */;
			path = MiniProject2.xcdatamodeld;
			sourceTree = "<group>";
			versionGroupType = wrapper.xcdatamodel;
		};
/* End XCVersionGroup section */
	};
	rootObject = BD5593CF2892FE6C0007710A /* Project object */;
}
